
Microsoft Visual Studio Solution File, Format Version 12.00
# Visual Studio 15
VisualStudioVersion = 15.0.28307.329
MinimumVisualStudioVersion = 10.0.40219.1
Project("{FAE04EC0-301F-11D3-BF4B-00C04F79EFBC}") = "HomeWork 4_2_2019", "HomeWork 4_2_2019\HomeWork 4_2_2019.csproj", "{A09F163A-6253-4F0E-A1E6-D01CD77A90DF}"
EndProject
Project("{FAE04EC0-301F-11D3-BF4B-00C04F79EFBC}") = "PictureManagerLibrary", "PictureManagerLibrary\PictureManagerLibrary.csproj", "{DAA02652-2CCF-4742-AE5E-B7AA538A1AC1}"
EndProject
Global
	GlobalSection(SolutionConfigurationPlatforms) = preSolution
		Debug|Any CPU = Debug|Any CPU
		Release|Any CPU = Release|Any CPU
	EndGlobalSection
	GlobalSection(ProjectConfigurationPlatforms) = postSolution
		{A09F163A-6253-4F0E-A1E6-D01CD77A90DF}.Debug|Any CPU.ActiveCfg = Debug|Any CPU
		{A09F163A-6253-4F0E-A1E6-D01CD77A90DF}.Debug|Any CPU.Build.0 = Debug|Any CPU
		{A09F163A-6253-4F0E-A1E6-D01CD77A90DF}.Release|Any CPU.ActiveCfg = Release|Any CPU
		{A09F163A-6253-4F0E-A1E6-D01CD77A90DF}.Release|Any CPU.Build.0 = Release|Any CPU
		{DAA02652-2CCF-4742-AE5E-B7AA538A1AC1}.Debug|Any CPU.ActiveCfg = Debug|Any CPU
		{DAA02652-2CCF-4742-AE5E-B7AA538A1AC1}.Debug|Any CPU.Build.0 = Debug|Any CPU
		{DAA02652-2CCF-4742-AE5E-B7AA538A1AC1}.Release|Any CPU.ActiveCfg = Release|Any CPU
		{DAA02652-2CCF-4742-AE5E-B7AA538A1AC1}.Release|Any CPU.Build.0 = Release|Any CPU
	EndGlobalSection
	GlobalSection(SolutionProperties) = preSolution
		HideSolutionNode = FALSE
	EndGlobalSection
	GlobalSection(ExtensibilityGlobals) = postSolution
		SolutionGuid = {D46D8872-C749-417D-B798-62D453E22E96}
	EndGlobalSection
EndGlobal
